// !$*UTF8*$!
{
	archiveVersion = 1;
	classes = {
	};
	objectVersion = 77;
	objects = {

/* Begin PBXBuildFile section */
		2B7A3A0A3A592F03A661E10D /* iOSAssets in Resources */ = {isa = PBXBuildFile; fileRef = 5822789EDBB0525A3350D5D0 /* iOSAssets */; };
		2DAB7A91FC8D6A7B7065646B /* DeviceHarness.swift in Sources */ = {isa = PBXBuildFile; fileRef = 51CF3FB8ED596C59A785DEC3 /* DeviceHarness.swift */; };
		900D9E71D6EFBAF5CECA73BA /* DemucsMLX in Frameworks */ = {isa = PBXBuildFile; productRef = 04EDF3101400046765564D5E /* DemucsMLX */; };
		E224971BDE39FD6CB8291579 /* DemucsAudio in Frameworks */ = {isa = PBXBuildFile; productRef = 2DA1E519F7435F5ADFCCD021 /* DemucsAudio */; };
/* End PBXBuildFile section */

/* Begin PBXFileReference section */
		1BEB184FB01BAC3C08B6844C /* demucs-mlx-swift */ = {isa = PBXFileReference; lastKnownFileType = folder; name = "demucs-mlx-swift"; path = ../..; sourceTree = SOURCE_ROOT; };
		445BF364146FE40D3CED2F67 /* DemucsDeviceHarness.app */ = {isa = PBXFileReference; includeInIndex = 0; lastKnownFileType = wrapper.application; path = DemucsDeviceHarness.app; sourceTree = BUILT_PRODUCTS_DIR; };
		51CF3FB8ED596C59A785DEC3 /* DeviceHarness.swift */ = {isa = PBXFileReference; lastKnownFileType = sourcecode.swift; path = DeviceHarness.swift; sourceTree = "<group>"; };
		5822789EDBB0525A3350D5D0 /* iOSAssets */ = {isa = PBXFileReference; lastKnownFileType = folder; name = iOSAssets; path = ../../.build/iOSAssets; sourceTree = SOURCE_ROOT; };
/* End PBXFileReference section */

/* Begin PBXFrameworksBuildPhase section */
		861E869985CA1576F98D41A5 /* Frameworks */ = {
			isa = PBXFrameworksBuildPhase;
			buildActionMask = 2147483647;
			files = (
				900D9E71D6EFBAF5CECA73BA /* DemucsMLX in Frameworks */,
				E224971BDE39FD6CB8291579 /* DemucsAudio in Frameworks */,
			);
			runOnlyForDeploymentPostprocessing = 0;
		};
/* End PBXFrameworksBuildPhase section */

/* Begin PBXGroup section */
		0BFFBAF330DD21520326DF29 /* demucs-mlx-swift */ = {
			isa = PBXGroup;
			children = (
				8A579E3721B5D5E8EAC6D93F /* .build */,
			);
			name = "demucs-mlx-swift";
			path = ../..;
			sourceTree = "<group>";
		};
		19F663C805CB3E31BE86ED59 /* App */ = {
			isa = PBXGroup;
			children = (
				51CF3FB8ED596C59A785DEC3 /* DeviceHarness.swift */,
			);
			path = App;
			sourceTree = "<group>";
		};
		6D17EE74CDEE44A48B0EA365 /* Products */ = {
			isa = PBXGroup;
			children = (
				445BF364146FE40D3CED2F67 /* DemucsDeviceHarness.app */,
			);
			name = Products;
			sourceTree = "<group>";
		};
		8A579E3721B5D5E8EAC6D93F /* .build */ = {
			isa = PBXGroup;
			children = (
				5822789EDBB0525A3350D5D0 /* iOSAssets */,
			);
			path = .build;
			sourceTree = "<group>";
		};
		A7FCC25041A92CA1C4A2D59B /* Packages */ = {
			isa = PBXGroup;
			children = (
				1BEB184FB01BAC3C08B6844C /* demucs-mlx-swift */,
			);
			name = Packages;
			sourceTree = "<group>";
		};
		CDE9401FBC78C4193C7ACBF0 = {
			isa = PBXGroup;
			children = (
				19F663C805CB3E31BE86ED59 /* App */,
				0BFFBAF330DD21520326DF29 /* demucs-mlx-swift */,
				A7FCC25041A92CA1C4A2D59B /* Packages */,
				6D17EE74CDEE44A48B0EA365 /* Products */,
			);
			sourceTree = "<group>";
		};
/* End PBXGroup section */

/* Begin PBXNativeTarget section */
		FCF75A9557F7B9E936EFD80F /* DemucsDeviceHarness */ = {
			isa = PBXNativeTarget;
			buildConfigurationList = D39EABEFCAC5C4F4751906BF /* Build configuration list for PBXNativeTarget "DemucsDeviceHarness" */;
			buildPhases = (
				B870C70AC0B23DB7903D7DF3 /* Sources */,
				5566FDC3AF85D38E3A81BE80 /* Resources */,
				861E869985CA1576F98D41A5 /* Frameworks */,
			);
			buildRules = (
			);
			dependencies = (
			);
			name = DemucsDeviceHarness;
			packageProductDependencies = (
				04EDF3101400046765564D5E /* DemucsMLX */,
				2DA1E519F7435F5ADFCCD021 /* DemucsAudio */,
			);
			productName = DemucsDeviceHarness;
			productReference = 445BF364146FE40D3CED2F67 /* DemucsDeviceHarness.app */;
			productType = "com.apple.product-type.application";
		};
/* End PBXNativeTarget section */

/* Begin PBXProject section */
		20C6DA2C5ADCE0A2F892AB32 /* Project object */ = {
			isa = PBXProject;
			attributes = {
				BuildIndependentTargetsInParallel = YES;
				LastUpgradeCheck = 1430;
				TargetAttributes = {
					FCF75A9557F7B9E936EFD80F = {
						DevelopmentTeam = "";
						ProvisioningStyle = Automatic;
					};
				};
			};
			buildConfigurationList = 151D092F4C058ADB61AEC176 /* Build configuration list for PBXProject "DemucsDeviceHarness" */;
			compatibilityVersion = "Xcode 14.0";
			developmentRegion = en;
			hasScannedForEncodings = 0;
			knownRegions = (
				Base,
				en,
			);
			mainGroup = CDE9401FBC78C4193C7ACBF0;
			minimizedProjectReferenceProxies = 1;
			packageReferences = (
				7879B6E5FCE779E9A7A202BE /* XCLocalSwiftPackageReference "../.." */,
			);
			preferredProjectObjectVersion = 77;
			projectDirPath = "";
			projectRoot = "";
			targets = (
				FCF75A9557F7B9E936EFD80F /* DemucsDeviceHarness */,
			);
		};
/* End PBXProject section */

/* Begin PBXResourcesBuildPhase section */
		5566FDC3AF85D38E3A81BE80 /* Resources */ = {
			isa = PBXResourcesBuildPhase;
			buildActionMask = 2147483647;
			files = (
				2B7A3A0A3A592F03A661E10D /* iOSAssets in Resources */,
			);
			runOnlyForDeploymentPostprocessing = 0;
		};
/* End PBXResourcesBuildPhase section */

/* Begin PBXSourcesBuildPhase section */
		B870C70AC0B23DB7903D7DF3 /* Sources */ = {
			isa = PBXSourcesBuildPhase;
			buildActionMask = 2147483647;
			files = (
				2DAB7A91FC8D6A7B7065646B /* DeviceHarness.swift in Sources */,
			);
			runOnlyForDeploymentPostprocessing = 0;
		};
/* End PBXSourcesBuildPhase section */

/* Begin XCBuildConfiguration section */
		184D15F9E3EE2EF595773BF6 /* Release */ = {
			isa = XCBuildConfiguration;
			buildSettings = {
				ASSETCATALOG_COMPILER_APPICON_NAME = AppIcon;
				CODE_SIGN_IDENTITY = "iPhone Developer";
				CODE_SIGN_STYLE = Automatic;
				DEVELOPMENT_TEAM = "";
				GENERATE_INFOPLIST_FILE = YES;
				INFOPLIST_KEY_UIApplicationSceneManifest_Generation = YES;
				INFOPLIST_KEY_UILaunchScreen_Generation = YES;
				LD_RUNPATH_SEARCH_PATHS = (
					"$(inherited)",
					"@executable_path/Frameworks",
				);
				PRODUCT_BUNDLE_IDENTIFIER = com.example.demucsmlx.deviceharness;
				SDKROOT = iphoneos;
				SWIFT_STRICT_CONCURRENCY = complete;
				SWIFT_VERSION = 6.0;
				TARGETED_DEVICE_FAMILY = "1,2";
			};
			name = Release;
		};
		3520C4E6185ED1546B59FD9B /* Debug */ = {
			isa = XCBuildConfiguration;
			buildSettings = {
				ALWAYS_SEARCH_USER_PATHS = NO;
				CLANG_ANALYZER_NONNULL = YES;
				CLANG_ANALYZER_NUMBER_OBJECT_CONVERSION = YES_AGGRESSIVE;
				CLANG_CXX_LANGUAGE_STANDARD = "gnu++14";
				CLANG_CXX_LIBRARY = "libc++";
				CLANG_ENABLE_MODULES = YES;
				CLANG_ENABLE_OBJC_ARC = YES;
				CLANG_ENABLE_OBJC_WEAK = YES;
				CLANG_WARN_BLOCK_CAPTURE_AUTORELEASING = YES;
				CLANG_WARN_BOOL_CONVERSION = YES;
				CLANG_WARN_COMMA = YES;
				CLANG_WARN_CONSTANT_CONVERSION = YES;
				CLANG_WARN_DEPRECATED_OBJC_IMPLEMENTATIONS = YES;
				CLANG_WARN_DIRECT_OBJC_ISA_USAGE = YES_ERROR;
				CLANG_WARN_DOCUMENTATION_COMMENTS = YES;
				CLANG_WARN_EMPTY_BODY = YES;
				CLANG_WARN_ENUM_CONVERSION = YES;
				CLANG_WARN_INFINITE_RECURSION = YES;
				CLANG_WARN_INT_CONVERSION = YES;
				CLANG_WARN_NON_LITERAL_NULL_CONVERSION = YES;
				CLANG_WARN_OBJC_IMPLICIT_RETAIN_SELF = YES;
				CLANG_WARN_OBJC_LITERAL_CONVERSION = YES;
				CLANG_WARN_OBJC_ROOT_CLASS = YES_ERROR;
				CLANG_WARN_QUOTED_INCLUDE_IN_FRAMEWORK_HEADER = YES;
				CLANG_WARN_RANGE_LOOP_ANALYSIS = YES;
				CLANG_WARN_STRICT_PROTOTYPES = YES;
				CLANG_WARN_SUSPICIOUS_MOVE = YES;
				CLANG_WARN_UNGUARDED_AVAILABILITY = YES_AGGRESSIVE;
				CLANG_WARN_UNREACHABLE_CODE = YES;
				CLANG_WARN__DUPLICATE_METHOD_MATCH = YES;
				COPY_PHASE_STRIP = NO;
				DEBUG_INFORMATION_FORMAT = dwarf;
				ENABLE_STRICT_OBJC_MSGSEND = YES;
				ENABLE_TESTABILITY = YES;
				GCC_C_LANGUAGE_STANDARD = gnu11;
				GCC_DYNAMIC_NO_PIC = NO;
				GCC_NO_COMMON_BLOCKS = YES;
				GCC_OPTIMIZATION_LEVEL = 0;
				GCC_PREPROCESSOR_DEFINITIONS = (
					"$(inherited)",
					"DEBUG=1",
				);
				GCC_WARN_64_TO_32_BIT_CONVERSION = YES;
				GCC_WARN_ABOUT_RETURN_TYPE = YES_ERROR;
				GCC_WARN_UNDECLARED_SELECTOR = YES;
				GCC_WARN_UNINITIALIZED_AUTOS = YES_AGGRESSIVE;
				GCC_WARN_UNUSED_FUNCTION = YES;
				GCC_WARN_UNUSED_VARIABLE = YES;
				IPHONEOS_DEPLOYMENT_TARGET = 17.0;
				MTL_ENABLE_DEBUG_INFO = INCLUDE_SOURCE;
				MTL_FAST_MATH = YES;
				ONLY_ACTIVE_ARCH = YES;
				PRODUCT_NAME = "$(TARGET_NAME)";
				SDKROOT = iphoneos;
				SWIFT_ACTIVE_COMPILATION_CONDITIONS = DEBUG;
				SWIFT_OPTIMIZATION_LEVEL = "-Onone";
				SWIFT_VERSION = 5.0;
			};
			name = Debug;
		};
		83E74CB0E3DCF5649D8BED67 /* Release */ = {
			isa = XCBuildConfiguration;
			buildSettings = {
				ALWAYS_SEARCH_USER_PATHS = NO;
				CLANG_ANALYZER_NONNULL = YES;
				CLANG_ANALYZER_NUMBER_OBJECT_CONVERSION = YES_AGGRESSIVE;
				CLANG_CXX_LANGUAGE_STANDARD = "gnu++14";
				CLANG_CXX_LIBRARY = "libc++";
				CLANG_ENABLE_MODULES = YES;
				CLANG_ENABLE_OBJC_ARC = YES;
				CLANG_ENABLE_OBJC_WEAK = YES;
				CLANG_WARN_BLOCK_CAPTURE_AUTORELEASING = YES;
				CLANG_WARN_BOOL_CONVERSION = YES;
				CLANG_WARN_COMMA = YES;
				CLANG_WARN_CONSTANT_CONVERSION = YES;
				CLANG_WARN_DEPRECATED_OBJC_IMPLEMENTATIONS = YES;
				CLANG_WARN_DIRECT_OBJC_ISA_USAGE = YES_ERROR;
				CLANG_WARN_DOCUMENTATION_COMMENTS = YES;
				CLANG_WARN_EMPTY_BODY = YES;
				CLANG_WARN_ENUM_CONVERSION = YES;
				CLANG_WARN_INFINITE_RECURSION = YES;
				CLANG_WARN_INT_CONVERSION = YES;
				CLANG_WARN_NON_LITERAL_NULL_CONVERSION = YES;
				CLANG_WARN_OBJC_IMPLICIT_RETAIN_SELF = YES;
				CLANG_WARN_OBJC_LITERAL_CONVERSION = YES;
				CLANG_WARN_OBJC_ROOT_CLASS = YES_ERROR;
				CLANG_WARN_QUOTED_INCLUDE_IN_FRAMEWORK_HEADER = YES;
				CLANG_WARN_RANGE_LOOP_ANALYSIS = YES;
				CLANG_WARN_STRICT_PROTOTYPES = YES;
				CLANG_WARN_SUSPICIOUS_MOVE = YES;
				CLANG_WARN_UNGUARDED_AVAILABILITY = YES_AGGRESSIVE;
				CLANG_WARN_UNREACHABLE_CODE = YES;
				CLANG_WARN__DUPLICATE_METHOD_MATCH = YES;
				COPY_PHASE_STRIP = NO;
				DEBUG_INFORMATION_FORMAT = "dwarf-with-dsym";
				ENABLE_NS_ASSERTIONS = NO;
				ENABLE_STRICT_OBJC_MSGSEND = YES;
				GCC_C_LANGUAGE_STANDARD = gnu11;
				GCC_NO_COMMON_BLOCKS = YES;
				GCC_WARN_64_TO_32_BIT_CONVERSION = YES;
				GCC_WARN_ABOUT_RETURN_TYPE = YES_ERROR;
				GCC_WARN_UNDECLARED_SELECTOR = YES;
				GCC_WARN_UNINITIALIZED_AUTOS = YES_AGGRESSIVE;
				GCC_WARN_UNUSED_FUNCTION = YES;
				GCC_WARN_UNUSED_VARIABLE = YES;
				IPHONEOS_DEPLOYMENT_TARGET = 17.0;
				MTL_ENABLE_DEBUG_INFO = NO;
				MTL_FAST_MATH = YES;
				PRODUCT_NAME = "$(TARGET_NAME)";
				SDKROOT = iphoneos;
				SWIFT_COMPILATION_MODE = wholemodule;
				SWIFT_OPTIMIZATION_LEVEL = "-O";
				SWIFT_VERSION = 5.0;
			};
			name = Release;
		};
		CE32ACAD185F13C3F8D70D64 /* Debug */ = {
			isa = XCBuildConfiguration;
			buildSettings = {
				ASSETCATALOG_COMPILER_APPICON_NAME = AppIcon;
				CODE_SIGN_IDENTITY = "iPhone Developer";
				CODE_SIGN_STYLE = Automatic;
				DEVELOPMENT_TEAM = "";
				GENERATE_INFOPLIST_FILE = YES;
				INFOPLIST_KEY_UIApplicationSceneManifest_Generation = YES;
				INFOPLIST_KEY_UILaunchScreen_Generation = YES;
				LD_RUNPATH_SEARCH_PATHS = (
					"$(inherited)",
					"@executable_path/Frameworks",
				);
				PRODUCT_BUNDLE_IDENTIFIER = com.example.demucsmlx.deviceharness;
				SDKROOT = iphoneos;
				SWIFT_STRICT_CONCURRENCY = complete;
				SWIFT_VERSION = 6.0;
				TARGETED_DEVICE_FAMILY = "1,2";
			};
			name = Debug;
		};
/* End XCBuildConfiguration section */

/* Begin XCConfigurationList section */
		151D092F4C058ADB61AEC176 /* Build configuration list for PBXProject "DemucsDeviceHarness" */ = {
			isa = XCConfigurationList;
			buildConfigurations = (
				3520C4E6185ED1546B59FD9B /* Debug */,
				83E74CB0E3DCF5649D8BED67 /* Release */,
			);
			defaultConfigurationIsVisible = 0;
			defaultConfigurationName = Debug;
		};
		D39EABEFCAC5C4F4751906BF /* Build configuration list for PBXNativeTarget "DemucsDeviceHarness" */ = {
			isa = XCConfigurationList;
			buildConfigurations = (
				CE32ACAD185F13C3F8D70D64 /* Debug */,
				184D15F9E3EE2EF595773BF6 /* Release */,
			);
			defaultConfigurationIsVisible = 0;
			defaultConfigurationName = Debug;
		};
/* End XCConfigurationList section */

/* Begin XCLocalSwiftPackageReference section */
		7879B6E5FCE779E9A7A202BE /* XCLocalSwiftPackageReference "../.." */ = {
			isa = XCLocalSwiftPackageReference;
			relativePath = ../..;
		};
/* End XCLocalSwiftPackageReference section */

/* Begin XCSwiftPackageProductDependency section */
		04EDF3101400046765564D5E /* DemucsMLX */ = {
			isa = XCSwiftPackageProductDependency;
			productName = DemucsMLX;
		};
		2DA1E519F7435F5ADFCCD021 /* DemucsAudio */ = {
			isa = XCSwiftPackageProductDependency;
			productName = DemucsAudio;
		};
/* End XCSwiftPackageProductDependency section */
	};
	rootObject = 20C6DA2C5ADCE0A2F892AB32 /* Project object */;
}
